PODS:
  - DynamsoftBarcodeReader (8.9.1):
    - DynamsoftCameraEnhancer
  - DynamsoftCameraEnhancer (2.1.1)
  - Flutter (1.0.0)
  - flutter_camera_qrcode_scanner (0.0.1):
    - DynamsoftBarcodeReader
    - DynamsoftCameraEnhancer
    - Flutter

DEPENDENCIES:
  - Flutter (from `Flutter`)
  - flutter_camera_qrcode_scanner (from `.symlinks/plugins/flutter_camera_qrcode_scanner/ios`)

SPEC REPOS:
  trunk:
    - DynamsoftBarcodeReader
    - DynamsoftCameraEnhancer

EXTERNAL SOURCES:
  Flutter:
    :path: Flutter
  flutter_camera_qrcode_scanner:
    :path: ".symlinks/plugins/flutter_camera_qrcode_scanner/ios"

SPEC CHECKSUMS:
  DynamsoftBarcodeReader: b82f6e2a072ddbf7e32821958c9fe5e714fb2049
  DynamsoftCameraEnhancer: aaf29c0cb3afb77a2e5ee03920b765fd1a3bece3
  Flutter: 50d75fe2f02b26cc09d224853bb45737f8b3214a
  flutter_camera_qrcode_scanner: 126faa6d9efc2caf779673c28a1d971e097984b7

PODFILE CHECKSUM: aafe91acc616949ddb318b77800a7f51bffa2a4c

COCOAPODS: 1.11.2
